
Microsoft Visual Studio Solution File, Format Version 12.00
Project("{FAE04EC0-301F-11D3-BF4B-00C04F79EFBC}") = "WhatExec.Cli", "WhatExec.Cli\WhatExec.Cli.csproj", "{466D8E85-5E18-402C-8C30-A6BFF7D10C39}"
EndProject
Project("{FAE04EC0-301F-11D3-BF4B-00C04F79EFBC}") = "WhatExecLib", "WhatExecLib\WhatExecLib.csproj", "{C4567029-F397-44AA-A7CA-0367942E2F79}"
EndProject
Project("{2150E333-8FDC-42A3-9474-1A3956D46DE8}") = "logic", "logic", "{BB3A9684-4F93-4B06-9456-730B2271307B}"
EndProject
Project("{FAE04EC0-301F-11D3-BF4B-00C04F79EFBC}") = "WhatExecLib.Abstractions", "WhatExecLib.Abstractions\WhatExecLib.Abstractions.csproj", "{D3A25A4C-3493-49EF-B6C4-3186BE9B34DB}"
EndProject
Project("{2150E333-8FDC-42A3-9474-1A3956D46DE8}") = "extras", "extras", "{28B50084-A8FD-470F-97A8-7FF96DE5A911}"
EndProject
Project("{FAE04EC0-301F-11D3-BF4B-00C04F79EFBC}") = "WhatExecLib.Extensions.DependencyInjection", "WhatExecLib.Extensions.DependencyInjection\WhatExecLib.Extensions.DependencyInjection.csproj", "{C536E97B-74FF-411E-8344-406137D48CCA}"
EndProject
Global
	GlobalSection(SolutionConfigurationPlatforms) = preSolution
		Debug|Any CPU = Debug|Any CPU
		Release|Any CPU = Release|Any CPU
	EndGlobalSection
	GlobalSection(ProjectConfigurationPlatforms) = postSolution
		{466D8E85-5E18-402C-8C30-A6BFF7D10C39}.Debug|Any CPU.ActiveCfg = Debug|Any CPU
		{466D8E85-5E18-402C-8C30-A6BFF7D10C39}.Debug|Any CPU.Build.0 = Debug|Any CPU
		{466D8E85-5E18-402C-8C30-A6BFF7D10C39}.Release|Any CPU.ActiveCfg = Release|Any CPU
		{466D8E85-5E18-402C-8C30-A6BFF7D10C39}.Release|Any CPU.Build.0 = Release|Any CPU
		{C4567029-F397-44AA-A7CA-0367942E2F79}.Debug|Any CPU.ActiveCfg = Debug|Any CPU
		{C4567029-F397-44AA-A7CA-0367942E2F79}.Debug|Any CPU.Build.0 = Debug|Any CPU
		{C4567029-F397-44AA-A7CA-0367942E2F79}.Release|Any CPU.ActiveCfg = Release|Any CPU
		{C4567029-F397-44AA-A7CA-0367942E2F79}.Release|Any CPU.Build.0 = Release|Any CPU
		{D3A25A4C-3493-49EF-B6C4-3186BE9B34DB}.Debug|Any CPU.ActiveCfg = Debug|Any CPU
		{D3A25A4C-3493-49EF-B6C4-3186BE9B34DB}.Debug|Any CPU.Build.0 = Debug|Any CPU
		{D3A25A4C-3493-49EF-B6C4-3186BE9B34DB}.Release|Any CPU.ActiveCfg = Release|Any CPU
		{D3A25A4C-3493-49EF-B6C4-3186BE9B34DB}.Release|Any CPU.Build.0 = Release|Any CPU
	EndGlobalSection
	GlobalSection(NestedProjects) = preSolution
		{D3A25A4C-3493-49EF-B6C4-3186BE9B34DB} = {BB3A9684-4F93-4B06-9456-730B2271307B}
		{C4567029-F397-44AA-A7CA-0367942E2F79} = {BB3A9684-4F93-4B06-9456-730B2271307B}
	EndGlobalSection
EndGlobal
